{
  "lockfileVersion": 1,
  "configVersion": 1,
  "workspaces": {
    "": {
      "dependencies": {
        "@opencode-ai/plugin": "npm:@byted/neeko-plugin@2.1.94",
      },
    },
  },
  "packages": {
    "@opencode-ai/plugin": ["@byted/neeko-plugin@2.1.94", "https://bnpm.byted.org/@byted/neeko-plugin/-/neeko-plugin-2.1.94.tgz", { "dependencies": { "@opencode-ai/sdk": "npm:@byted/neeko-sdk@2.1.94", "zod": "4.1.8" }, "peerDependencies": { "@opentui/core": ">=0.1.92", "@opentui/solid": ">=0.1.92" }, "optionalPeers": ["@opentui/core", "@opentui/solid"] }, "sha512-7X3JPAhehNpYVC0loJxehJIYWUwIYqHeZY23QvN129FBHOuSmNsqY2SPHmZLUsk2r3W2vwF2dpBNanlhdGep2w=="],

    "@opencode-ai/sdk": ["@byted/neeko-sdk@2.1.94", "https://bnpm.byted.org/@byted/neeko-sdk/-/neeko-sdk-2.1.94.tgz", {}, "sha512-qzUPXMV5IzqOgFO7He0CajzRcrEtGqVAYXCaLUlCJhcwSpk8Qj+eACGX0wi5/J/QVUORS5MxOJUFBA2sukI0LA=="],

    "zod": ["zod@4.1.8", "https://bnpm.byted.org/zod/-/zod-4.1.8.tgz", {}, "sha512-5R1P+WwQqmmMIEACyzSvo4JXHY5WiAFHRMg+zBZKgKS+Q1viRa0C1hmUKtHltoIFKtIdki3pRxkmpP74jnNYHQ=="],
  }
}
